
Microsoft Visual Studio Solution File, Format Version 12.00
# Visual Studio Version 16
VisualStudioVersion = 16.0.808.6
MinimumVisualStudioVersion = 10.0.40219.1
Project("{FAE04EC0-301F-11D3-BF4B-00C04F79EFBC}") = "Gmail-API", "Gmail-API\Gmail-API.csproj", "{9942D7C8-9A0B-4708-A159-C9BFFE4B879B}"
EndProject
Global
	GlobalSection(SolutionConfigurationPlatforms) = preSolution
		Debug|anycpu = Debug|anycpu
		Release|anycpu = Release|anycpu
	EndGlobalSection
	GlobalSection(ProjectConfigurationPlatforms) = postSolution
		{9942D7C8-9A0B-4708-A159-C9BFFE4B879B}.Debug|anycpu.ActiveCfg = Debug|anycpu
		{9942D7C8-9A0B-4708-A159-C9BFFE4B879B}.Debug|anycpu.Build.0 = Debug|anycpu
		{9942D7C8-9A0B-4708-A159-C9BFFE4B879B}.Release|anycpu.ActiveCfg = Release|anycpu
		{9942D7C8-9A0B-4708-A159-C9BFFE4B879B}.Release|anycpu.Build.0 = Release|anycpu
	EndGlobalSection
	GlobalSection(SolutionProperties) = preSolution
		HideSolutionNode = FALSE
	EndGlobalSection
	GlobalSection(ExtensibilityGlobals) = postSolution
		SolutionGuid = {2A016FAD-3003-44D7-8915-EF6AEBE1052D}
	EndGlobalSection
EndGlobal
